
Microsoft Visual Studio Solution File, Format Version 12.00
# Visual Studio Version 17
VisualStudioVersion = 17.14.36623.8 d17.14
MinimumVisualStudioVersion = 10.0.40219.1
Project("{FAE04EC0-301F-11D3-BF4B-00C04F79EFBC}") = "Sana05", "Sana05\Sana05.csproj", "{88145EB5-5DA8-4B38-8EFF-A7AC1678EB92}"
EndProject
Global
	GlobalSection(SolutionConfigurationPlatforms) = preSolution
		Debug|Any CPU = Debug|Any CPU
		Release|Any CPU = Release|Any CPU
	EndGlobalSection
	GlobalSection(ProjectConfigurationPlatforms) = postSolution
		{88145EB5-5DA8-4B38-8EFF-A7AC1678EB92}.Debug|Any CPU.ActiveCfg = Debug|Any CPU
		{88145EB5-5DA8-4B38-8EFF-A7AC1678EB92}.Debug|Any CPU.Build.0 = Debug|Any CPU
		{88145EB5-5DA8-4B38-8EFF-A7AC1678EB92}.Release|Any CPU.ActiveCfg = Release|Any CPU
		{88145EB5-5DA8-4B38-8EFF-A7AC1678EB92}.Release|Any CPU.Build.0 = Release|Any CPU
	EndGlobalSection
	GlobalSection(SolutionProperties) = preSolution
		HideSolutionNode = FALSE
	EndGlobalSection
	GlobalSection(ExtensibilityGlobals) = postSolution
		SolutionGuid = {66CEF092-B0B7-480B-B5B5-7036EABF5C73}
	EndGlobalSection
EndGlobal
